{
  "name": "@simple.code/cms-cli-npm",
  "version": "0.0.3",
  "lockfileVersion": 2,
  "requires": true,
  "packages": {
    "": {
      "name": "@simple.code/cms-cli-npm",
      "version": "0.0.3",
      "license": "ISC",
      "dependencies": {
        "@simple.code/cms-cli-log": "file:../log",
        "@simple.code/cms-cli-request": "file:../request"
      }
    },
    "../../../../request": {
      "extraneous": true
    },
    "../log": {
      "version": "0.0.3",
      "license": "ISC",
      "dependencies": {
        "npmlog": "^6.0.1"
      }
    },
    "../request": {
      "name": "@simple.code/cms-cli-request",
      "version": "0.0.3",
      "license": "ISC",
      "dependencies": {
        "axios": "^0.26.1"
      }
    },
    "node_modules/@simple.code/cms-cli-log": {
      "resolved": "../log",
      "link": true
    },
    "node_modules/@simple.code/cms-cli-request": {
      "resolved": "../request",
      "link": true
    }
  },
  "dependencies": {
    "@simple.code/cms-cli-log": {
      "version": "file:../log",
      "requires": {
        "npmlog": "^6.0.1"
      }
    },
    "@simple.code/cms-cli-request": {
      "version": "file:../request",
      "requires": {
        "axios": "^0.26.1"
      }
    }
  }
}
