{
  "name": "@simple.code/cms-cli-exec",
  "version": "0.0.5",
  "lockfileVersion": 1,
  "requires": true,
  "dependencies": {
    "@simple.code/cms-cli-log": {
      "version": "file:../../utils/log"
    },
    "@simple.code/cms-cli-package": {
      "version": "file:../../models/package"
    },
    "@simple.code/cms-cli-utils": {
      "version": "file:../../utils/utils"
    }
  }
}
