{
  "name": "@simple.code/cms-cli-exec",
  "version": "0.0.4",
  "lockfileVersion": 2,
  "requires": true,
  "packages": {
    "": {
      "name": "@simple.code/cms-cli-exec",
      "version": "0.0.3",
      "license": "ISC",
      "dependencies": {
        "@simple.code/cms-cli-log": "file:../../utils/log",
        "@simple.code/cms-cli-package": "file:../../models/package",
        "@simple.code/cms-cli-utils": "file:../../utils/utils"
      }
    },
    "../../models/package": {
      "name": "@simple.code/cms-cli-package",
      "version": "0.0.3",
      "license": "ISC",
      "dependencies": {
        "@simple.code/cms-cli-utils": "file:../../utils/utils",
        "pkg-dir": "^6.0.1"
      }
    },
    "../../models/util": {
      "extraneous": true
    },
    "../../models/utils": {
      "extraneous": true
    },
    "../../utils/log": {
      "version": "0.0.3",
      "license": "ISC",
      "dependencies": {
        "npmlog": "^6.0.1"
      }
    },
    "../../utils/utils": {
      "name": "@simple.code/cms-cli-utils",
      "version": "0.0.3",
      "license": "ISC",
      "dependencies": {
        "npmlog": "^6.0.1",
        "path-exists": "^4.0.0"
      }
    },
    "node_modules/@simple.code/cms-cli-log": {
      "resolved": "../../utils/log",
      "link": true
    },
    "node_modules/@simple.code/cms-cli-package": {
      "resolved": "../../models/package",
      "link": true
    },
    "node_modules/@simple.code/cms-cli-utils": {
      "resolved": "../../utils/utils",
      "link": true
    }
  },
  "dependencies": {
    "@simple.code/cms-cli-log": {
      "version": "file:../../utils/log",
      "requires": {
        "npmlog": "^6.0.1"
      }
    },
    "@simple.code/cms-cli-package": {
      "version": "file:../../models/package",
      "requires": {
        "@simple.code/cms-cli-utils": "file:../../utils/utils",
        "pkg-dir": "^6.0.1"
      }
    },
    "@simple.code/cms-cli-utils": {
      "version": "file:../../utils/utils",
      "requires": {
        "npmlog": "^6.0.1",
        "path-exists": "^4.0.0"
      }
    }
  }
}
